
Microsoft Visual Studio Solution File, Format Version 12.00
# Visual Studio Version 17
VisualStudioVersion = 17.0.31903.59
MinimumVisualStudioVersion = 10.0.40219.1
Project("{2150E333-8FDC-42A3-9474-1A3956D46DE8}") = "src", "src", "{827E0CD3-B72D-47B6-A68D-7590B98EB39B}"
EndProject
Project("{2150E333-8FDC-42A3-9474-1A3956D46DE8}") = "Services", "Services", "{984BB9B3-3FA3-BE33-9484-CAC21695A33C}"
EndProject
Project("{2150E333-8FDC-42A3-9474-1A3956D46DE8}") = "UserService", "UserService", "{A52FF9A7-1006-A729-7F26-021652E10080}"
EndProject
Project("{FAE04EC0-301F-11D3-BF4B-00C04F79EFBC}") = "UserService.Domain", "src\Services\UserService\UserService.Domain\UserService.Domain.csproj", "{D5B8FBE7-83A5-4494-B0D1-57D755584897}"
EndProject
Project("{FAE04EC0-301F-11D3-BF4B-00C04F79EFBC}") = "UserService.Application", "src\Services\UserService\UserService.Application\UserService.Application.csproj", "{6C2DB37E-5408-4960-9E29-8C0763DB3C1A}"
EndProject
Project("{FAE04EC0-301F-11D3-BF4B-00C04F79EFBC}") = "UserService.Infrastructure", "src\Services\UserService\UserService.Infrastructure\UserService.Infrastructure.csproj", "{03C8F507-195C-4F68-8C49-ECC07D50FC34}"
EndProject
Project("{FAE04EC0-301F-11D3-BF4B-00C04F79EFBC}") = "UserService.API", "src\Services\UserService\UserService.API\UserService.API.csproj", "{D2F5C01A-8D0E-476B-B595-70DF78EC8D15}"
EndProject
Project("{2150E333-8FDC-42A3-9474-1A3956D46DE8}") = "Gateways", "Gateways", "{CBE535C5-B51A-60E9-4D99-AC1BFAA908A1}"
EndProject
Project("{FAE04EC0-301F-11D3-BF4B-00C04F79EFBC}") = "ApiGateway", "src\Gateways\ApiGateway\ApiGateway.csproj", "{BBA4AD7A-B095-4D1B-9366-E4B82BF8B000}"
EndProject
Project("{2150E333-8FDC-42A3-9474-1A3956D46DE8}") = "tests", "tests", "{0AB3BF05-4346-4AA6-1389-037BE0695223}"
EndProject
Project("{FAE04EC0-301F-11D3-BF4B-00C04F79EFBC}") = "UserService.Tests", "tests\UserService.Tests\UserService.Tests.csproj", "{50D9B578-7E7B-453F-9E8B-83CFE8DDCB2E}"
EndProject
Project("{FAE04EC0-301F-11D3-BF4B-00C04F79EFBC}") = "OrderService.Tests", "tests\OrderService.Tests\OrderService.Tests.csproj", "{383EC005-7D0A-4794-BD84-369D121F5FF7}"
EndProject
Project("{FAE04EC0-301F-11D3-BF4B-00C04F79EFBC}") = "AdminWeb", "src\AdminWeb\AdminWeb.csproj", "{C84097F9-4C8D-4546-8570-3E6A418E33EA}"
EndProject
Global
	GlobalSection(SolutionConfigurationPlatforms) = preSolution
		Debug|Any CPU = Debug|Any CPU
		Debug|x64 = Debug|x64
		Debug|x86 = Debug|x86
		Release|Any CPU = Release|Any CPU
		Release|x64 = Release|x64
		Release|x86 = Release|x86
	EndGlobalSection
	GlobalSection(ProjectConfigurationPlatforms) = postSolution
		{D5B8FBE7-83A5-4494-B0D1-57D755584897}.Debug|Any CPU.ActiveCfg = Debug|Any CPU
		{D5B8FBE7-83A5-4494-B0D1-57D755584897}.Debug|Any CPU.Build.0 = Debug|Any CPU
		{D5B8FBE7-83A5-4494-B0D1-57D755584897}.Debug|x64.ActiveCfg = Debug|Any CPU
		{D5B8FBE7-83A5-4494-B0D1-57D755584897}.Debug|x64.Build.0 = Debug|Any CPU
		{D5B8FBE7-83A5-4494-B0D1-57D755584897}.Debug|x86.ActiveCfg = Debug|Any CPU
		{D5B8FBE7-83A5-4494-B0D1-57D755584897}.Debug|x86.Build.0 = Debug|Any CPU
		{D5B8FBE7-83A5-4494-B0D1-57D755584897}.Release|Any CPU.ActiveCfg = Release|Any CPU
		{D5B8FBE7-83A5-4494-B0D1-57D755584897}.Release|Any CPU.Build.0 = Release|Any CPU
		{D5B8FBE7-83A5-4494-B0D1-57D755584897}.Release|x64.ActiveCfg = Release|Any CPU
		{D5B8FBE7-83A5-4494-B0D1-57D755584897}.Release|x64.Build.0 = Release|Any CPU
		{D5B8FBE7-83A5-4494-B0D1-57D755584897}.Release|x86.ActiveCfg = Release|Any CPU
		{D5B8FBE7-83A5-4494-B0D1-57D755584897}.Release|x86.Build.0 = Release|Any CPU
		{6C2DB37E-5408-4960-9E29-8C0763DB3C1A}.Debug|Any CPU.ActiveCfg = Debug|Any CPU
		{6C2DB37E-5408-4960-9E29-8C0763DB3C1A}.Debug|Any CPU.Build.0 = Debug|Any CPU
		{6C2DB37E-5408-4960-9E29-8C0763DB3C1A}.Debug|x64.ActiveCfg = Debug|Any CPU
		{6C2DB37E-5408-4960-9E29-8C0763DB3C1A}.Debug|x64.Build.0 = Debug|Any CPU
		{6C2DB37E-5408-4960-9E29-8C0763DB3C1A}.Debug|x86.ActiveCfg = Debug|Any CPU
		{6C2DB37E-5408-4960-9E29-8C0763DB3C1A}.Debug|x86.Build.0 = Debug|Any CPU
		{6C2DB37E-5408-4960-9E29-8C0763DB3C1A}.Release|Any CPU.ActiveCfg = Release|Any CPU
		{6C2DB37E-5408-4960-9E29-8C0763DB3C1A}.Release|Any CPU.Build.0 = Release|Any CPU
		{6C2DB37E-5408-4960-9E29-8C0763DB3C1A}.Release|x64.ActiveCfg = Release|Any CPU
		{6C2DB37E-5408-4960-9E29-8C0763DB3C1A}.Release|x64.Build.0 = Release|Any CPU
		{6C2DB37E-5408-4960-9E29-8C0763DB3C1A}.Release|x86.ActiveCfg = Release|Any CPU
		{6C2DB37E-5408-4960-9E29-8C0763DB3C1A}.Release|x86.Build.0 = Release|Any CPU
		{03C8F507-195C-4F68-8C49-ECC07D50FC34}.Debug|Any CPU.ActiveCfg = Debug|Any CPU
		{03C8F507-195C-4F68-8C49-ECC07D50FC34}.Debug|Any CPU.Build.0 = Debug|Any CPU
		{03C8F507-195C-4F68-8C49-ECC07D50FC34}.Debug|x64.ActiveCfg = Debug|Any CPU
		{03C8F507-195C-4F68-8C49-ECC07D50FC34}.Debug|x64.Build.0 = Debug|Any CPU
		{03C8F507-195C-4F68-8C49-ECC07D50FC34}.Debug|x86.ActiveCfg = Debug|Any CPU
		{03C8F507-195C-4F68-8C49-ECC07D50FC34}.Debug|x86.Build.0 = Debug|Any CPU
		{03C8F507-195C-4F68-8C49-ECC07D50FC34}.Release|Any CPU.ActiveCfg = Release|Any CPU
		{03C8F507-195C-4F68-8C49-ECC07D50FC34}.Release|Any CPU.Build.0 = Release|Any CPU
		{03C8F507-195C-4F68-8C49-ECC07D50FC34}.Release|x64.ActiveCfg = Release|Any CPU
		{03C8F507-195C-4F68-8C49-ECC07D50FC34}.Release|x64.Build.0 = Release|Any CPU
		{03C8F507-195C-4F68-8C49-ECC07D50FC34}.Release|x86.ActiveCfg = Release|Any CPU
		{03C8F507-195C-4F68-8C49-ECC07D50FC34}.Release|x86.Build.0 = Release|Any CPU
		{D2F5C01A-8D0E-476B-B595-70DF78EC8D15}.Debug|Any CPU.ActiveCfg = Debug|Any CPU
		{D2F5C01A-8D0E-476B-B595-70DF78EC8D15}.Debug|Any CPU.Build.0 = Debug|Any CPU
		{D2F5C01A-8D0E-476B-B595-70DF78EC8D15}.Debug|x64.ActiveCfg = Debug|Any CPU
		{D2F5C01A-8D0E-476B-B595-70DF78EC8D15}.Debug|x64.Build.0 = Debug|Any CPU
		{D2F5C01A-8D0E-476B-B595-70DF78EC8D15}.Debug|x86.ActiveCfg = Debug|Any CPU
		{D2F5C01A-8D0E-476B-B595-70DF78EC8D15}.Debug|x86.Build.0 = Debug|Any CPU
		{D2F5C01A-8D0E-476B-B595-70DF78EC8D15}.Release|Any CPU.ActiveCfg = Release|Any CPU
		{D2F5C01A-8D0E-476B-B595-70DF78EC8D15}.Release|Any CPU.Build.0 = Release|Any CPU
		{D2F5C01A-8D0E-476B-B595-70DF78EC8D15}.Release|x64.ActiveCfg = Release|Any CPU
		{D2F5C01A-8D0E-476B-B595-70DF78EC8D15}.Release|x64.Build.0 = Release|Any CPU
		{D2F5C01A-8D0E-476B-B595-70DF78EC8D15}.Release|x86.ActiveCfg = Release|Any CPU
		{D2F5C01A-8D0E-476B-B595-70DF78EC8D15}.Release|x86.Build.0 = Release|Any CPU
		{BBA4AD7A-B095-4D1B-9366-E4B82BF8B000}.Debug|Any CPU.ActiveCfg = Debug|Any CPU
		{BBA4AD7A-B095-4D1B-9366-E4B82BF8B000}.Debug|Any CPU.Build.0 = Debug|Any CPU
		{BBA4AD7A-B095-4D1B-9366-E4B82BF8B000}.Debug|x64.ActiveCfg = Debug|Any CPU
		{BBA4AD7A-B095-4D1B-9366-E4B82BF8B000}.Debug|x64.Build.0 = Debug|Any CPU
		{BBA4AD7A-B095-4D1B-9366-E4B82BF8B000}.Debug|x86.ActiveCfg = Debug|Any CPU
		{BBA4AD7A-B095-4D1B-9366-E4B82BF8B000}.Debug|x86.Build.0 = Debug|Any CPU
		{BBA4AD7A-B095-4D1B-9366-E4B82BF8B000}.Release|Any CPU.ActiveCfg = Release|Any CPU
		{BBA4AD7A-B095-4D1B-9366-E4B82BF8B000}.Release|Any CPU.Build.0 = Release|Any CPU
		{BBA4AD7A-B095-4D1B-9366-E4B82BF8B000}.Release|x64.ActiveCfg = Release|Any CPU
		{BBA4AD7A-B095-4D1B-9366-E4B82BF8B000}.Release|x64.Build.0 = Release|Any CPU
		{BBA4AD7A-B095-4D1B-9366-E4B82BF8B000}.Release|x86.ActiveCfg = Release|Any CPU
		{BBA4AD7A-B095-4D1B-9366-E4B82BF8B000}.Release|x86.Build.0 = Release|Any CPU
		{50D9B578-7E7B-453F-9E8B-83CFE8DDCB2E}.Debug|Any CPU.ActiveCfg = Debug|Any CPU
		{50D9B578-7E7B-453F-9E8B-83CFE8DDCB2E}.Debug|Any CPU.Build.0 = Debug|Any CPU
		{50D9B578-7E7B-453F-9E8B-83CFE8DDCB2E}.Debug|x64.ActiveCfg = Debug|Any CPU
		{50D9B578-7E7B-453F-9E8B-83CFE8DDCB2E}.Debug|x64.Build.0 = Debug|Any CPU
		{50D9B578-7E7B-453F-9E8B-83CFE8DDCB2E}.Debug|x86.ActiveCfg = Debug|Any CPU
		{50D9B578-7E7B-453F-9E8B-83CFE8DDCB2E}.Debug|x86.Build.0 = Debug|Any CPU
		{50D9B578-7E7B-453F-9E8B-83CFE8DDCB2E}.Release|Any CPU.ActiveCfg = Release|Any CPU
		{50D9B578-7E7B-453F-9E8B-83CFE8DDCB2E}.Release|Any CPU.Build.0 = Release|Any CPU
		{50D9B578-7E7B-453F-9E8B-83CFE8DDCB2E}.Release|x64.ActiveCfg = Release|Any CPU
		{50D9B578-7E7B-453F-9E8B-83CFE8DDCB2E}.Release|x64.Build.0 = Release|Any CPU
		{50D9B578-7E7B-453F-9E8B-83CFE8DDCB2E}.Release|x86.ActiveCfg = Release|Any CPU
		{50D9B578-7E7B-453F-9E8B-83CFE8DDCB2E}.Release|x86.Build.0 = Release|Any CPU
		{383EC005-7D0A-4794-BD84-369D121F5FF7}.Debug|Any CPU.ActiveCfg = Debug|Any CPU
		{383EC005-7D0A-4794-BD84-369D121F5FF7}.Debug|Any CPU.Build.0 = Debug|Any CPU
		{383EC005-7D0A-4794-BD84-369D121F5FF7}.Debug|x64.ActiveCfg = Debug|Any CPU
		{383EC005-7D0A-4794-BD84-369D121F5FF7}.Debug|x64.Build.0 = Debug|Any CPU
		{383EC005-7D0A-4794-BD84-369D121F5FF7}.Debug|x86.ActiveCfg = Debug|Any CPU
		{383EC005-7D0A-4794-BD84-369D121F5FF7}.Debug|x86.Build.0 = Debug|Any CPU
		{383EC005-7D0A-4794-BD84-369D121F5FF7}.Release|Any CPU.ActiveCfg = Release|Any CPU
		{383EC005-7D0A-4794-BD84-369D121F5FF7}.Release|Any CPU.Build.0 = Release|Any CPU
		{383EC005-7D0A-4794-BD84-369D121F5FF7}.Release|x64.ActiveCfg = Release|Any CPU
		{383EC005-7D0A-4794-BD84-369D121F5FF7}.Release|x64.Build.0 = Release|Any CPU
		{383EC005-7D0A-4794-BD84-369D121F5FF7}.Release|x86.ActiveCfg = Release|Any CPU
		{383EC005-7D0A-4794-BD84-369D121F5FF7}.Release|x86.Build.0 = Release|Any CPU
		{C84097F9-4C8D-4546-8570-3E6A418E33EA}.Debug|Any CPU.ActiveCfg = Debug|Any CPU
		{C84097F9-4C8D-4546-8570-3E6A418E33EA}.Debug|Any CPU.Build.0 = Debug|Any CPU
		{C84097F9-4C8D-4546-8570-3E6A418E33EA}.Debug|x64.ActiveCfg = Debug|Any CPU
		{C84097F9-4C8D-4546-8570-3E6A418E33EA}.Debug|x64.Build.0 = Debug|Any CPU
		{C84097F9-4C8D-4546-8570-3E6A418E33EA}.Debug|x86.ActiveCfg = Debug|Any CPU
		{C84097F9-4C8D-4546-8570-3E6A418E33EA}.Debug|x86.Build.0 = Debug|Any CPU
		{C84097F9-4C8D-4546-8570-3E6A418E33EA}.Release|Any CPU.ActiveCfg = Release|Any CPU
		{C84097F9-4C8D-4546-8570-3E6A418E33EA}.Release|Any CPU.Build.0 = Release|Any CPU
		{C84097F9-4C8D-4546-8570-3E6A418E33EA}.Release|x64.ActiveCfg = Release|Any CPU
		{C84097F9-4C8D-4546-8570-3E6A418E33EA}.Release|x64.Build.0 = Release|Any CPU
		{C84097F9-4C8D-4546-8570-3E6A418E33EA}.Release|x86.ActiveCfg = Release|Any CPU
		{C84097F9-4C8D-4546-8570-3E6A418E33EA}.Release|x86.Build.0 = Release|Any CPU
	EndGlobalSection
	GlobalSection(SolutionProperties) = preSolution
		HideSolutionNode = FALSE
	EndGlobalSection
	GlobalSection(NestedProjects) = preSolution
		{984BB9B3-3FA3-BE33-9484-CAC21695A33C} = {827E0CD3-B72D-47B6-A68D-7590B98EB39B}
		{A52FF9A7-1006-A729-7F26-021652E10080} = {984BB9B3-3FA3-BE33-9484-CAC21695A33C}
		{D5B8FBE7-83A5-4494-B0D1-57D755584897} = {A52FF9A7-1006-A729-7F26-021652E10080}
		{6C2DB37E-5408-4960-9E29-8C0763DB3C1A} = {A52FF9A7-1006-A729-7F26-021652E10080}
		{03C8F507-195C-4F68-8C49-ECC07D50FC34} = {A52FF9A7-1006-A729-7F26-021652E10080}
		{D2F5C01A-8D0E-476B-B595-70DF78EC8D15} = {A52FF9A7-1006-A729-7F26-021652E10080}
		{CBE535C5-B51A-60E9-4D99-AC1BFAA908A1} = {827E0CD3-B72D-47B6-A68D-7590B98EB39B}
		{BBA4AD7A-B095-4D1B-9366-E4B82BF8B000} = {CBE535C5-B51A-60E9-4D99-AC1BFAA908A1}
		{50D9B578-7E7B-453F-9E8B-83CFE8DDCB2E} = {0AB3BF05-4346-4AA6-1389-037BE0695223}
		{383EC005-7D0A-4794-BD84-369D121F5FF7} = {0AB3BF05-4346-4AA6-1389-037BE0695223}
		{C84097F9-4C8D-4546-8570-3E6A418E33EA} = {827E0CD3-B72D-47B6-A68D-7590B98EB39B}
	EndGlobalSection
EndGlobal
